
Microsoft Visual Studio Solution File, Format Version 12.00
# Visual Studio Version 17
VisualStudioVersion = 17.6.33801.468
MinimumVisualStudioVersion = 10.0.40219.1
Project("{FAE04EC0-301F-11D3-BF4B-00C04F79EFBC}") = "Сasino", "Сasino.csproj", "{36E13AEB-39B0-4666-A8A0-2CE829B0E9EF}"
EndProject
Global
	GlobalSection(SolutionConfigurationPlatforms) = preSolution
		Debug|Any CPU = Debug|Any CPU
		Release|Any CPU = Release|Any CPU
	EndGlobalSection
	GlobalSection(ProjectConfigurationPlatforms) = postSolution
		{36E13AEB-39B0-4666-A8A0-2CE829B0E9EF}.Debug|Any CPU.ActiveCfg = Debug|Any CPU
		{36E13AEB-39B0-4666-A8A0-2CE829B0E9EF}.Debug|Any CPU.Build.0 = Debug|Any CPU
		{36E13AEB-39B0-4666-A8A0-2CE829B0E9EF}.Release|Any CPU.ActiveCfg = Release|Any CPU
		{36E13AEB-39B0-4666-A8A0-2CE829B0E9EF}.Release|Any CPU.Build.0 = Release|Any CPU
	EndGlobalSection
	GlobalSection(SolutionProperties) = preSolution
		HideSolutionNode = FALSE
	EndGlobalSection
	GlobalSection(ExtensibilityGlobals) = postSolution
		SolutionGuid = {27641FB2-6761-4618-B404-831549547520}
	EndGlobalSection
EndGlobal
